# This file is autogenerated, do not edit; changes may be undone by the next 'dep ensure'.


[[projects]]
  digest = "1:b16fbfbcc20645cb419f78325bb2e85ec729b338e996a228124d68931a6f2a37"
  name = "github.com/BurntSushi/toml"
  packages = ["."]
  pruneopts = "UT"
  revision = "b26d9c308763d68093482582cea63d69be07a0f0"
  version = "v0.3.0"

[[projects]]
  digest = "1:3ca2109e48660e527509b433c4efb5b910e5b9010d5149a6f44137d47b7970ca"
  name = "github.com/Masterminds/squirrel"
  packages = ["."]
  pruneopts = "UT"
  revision = "a6b93000bd219143c56c16e6cb1c4b91da3f224b"
  version = "v1.0"

[[projects]]
  branch = "master"
  digest = "1:36fe9527deed01d2a317617e59304eb2c4ce9f8a24115bcc5c2e37b3aee5bae4"
  name = "github.com/gin-contrib/sse"
  packages = ["."]
  pruneopts = "UT"
  revision = "22d885f9ecc78bf4ee5d72b937e4bbcdc58e8cae"

[[projects]]
  digest = "1:489e108f21464371ebf9cb5c30b1eceb07c6dd772dff073919267493dd9d04ea"
  name = "github.com/gin-gonic/gin"
  packages = [
    ".",
    "binding",
    "render",
  ]
  pruneopts = "UT"
  revision = "d459835d2b077e44f7c9b453505ee29881d5d12d"
  version = "v1.2"

[[projects]]
  digest = "1:adea5a94903eb4384abef30f3d878dc9ff6b6b5b0722da25b82e5169216dfb61"
  name = "github.com/go-sql-driver/mysql"
  packages = ["."]
  pruneopts = "UT"
  revision = "d523deb1b23d913de5bdada721a6071e71283618"
  version = "v1.4.0"

[[projects]]
  digest = "1:15042ad3498153684d09f393bbaec6b216c8eec6d61f63dff711de7d64ed8861"
  name = "github.com/golang/protobuf"
  packages = ["proto"]
  pruneopts = "UT"
  revision = "b4deda0973fb4c70b50d226b1af49f3da59f5265"
  version = "v1.1.0"

[[projects]]
  branch = "master"
  digest = "1:7654989089e5bd5b6734ec3be8b695e87d3f1f8d95620b343fd7d3995a5b60d7"
  name = "github.com/jmoiron/sqlx"
  packages = [
    ".",
    "reflectx",
  ]
  pruneopts = "UT"
  revision = "0dae4fefe7c0e190f7b5a78dac28a1c82cc8d849"

[[projects]]
  branch = "master"
  digest = "1:a7fc52742a5d011497b6a24024c857d260f809083424cd84110c9e40c34f64fc"
  name = "github.com/lann/builder"
  packages = ["."]
  pruneopts = "UT"
  revision = "47ae307949d02aa1f1069fdafc00ca08e1dbabac"

[[projects]]
  branch = "master"
  digest = "1:225499d25a9f1486f3b77cdc4f7d6590c506c3839bb9d8497113f6d19676d54a"
  name = "github.com/lann/ps"
  packages = ["."]
  pruneopts = "UT"
  revision = "62de8c46ede02a7675c4c79c84883eb164cb71e3"

[[projects]]
  digest = "1:d4d17353dbd05cb52a2a52b7fe1771883b682806f68db442b436294926bbfafb"
  name = "github.com/mattn/go-isatty"
  packages = ["."]
  pruneopts = "UT"
  revision = "0360b2af4f38e8d38c7fce2a9f4e702702d73a39"
  version = "v0.0.3"

[[projects]]
  branch = "master"
  digest = "1:544635141f5fb084637823f438f3563be046a9730c256d2e7760dbb741cd88b5"
  name = "github.com/mitchellh/hashstructure"
  packages = ["."]
  pruneopts = "UT"
  revision = "2bca23e0e452137f789efbc8610126fd8b94f73b"

[[projects]]
  digest = "1:af843e953ca723070602f91eff529958e0c9a0339e2105290615a1e34003d0e5"
  name = "github.com/storozhukBM/verifier"
  packages = ["."]
  pruneopts = "UT"
  revision = "00ea35202a5ce101c2dfd0dfd4d1f0b356a23271"
  version = "v1.1.0"

[[projects]]
  digest = "1:03aa6e485e528acb119fb32901cf99582c380225fc7d5a02758e08b180cb56c3"
  name = "github.com/ugorji/go"
  packages = ["codec"]
  pruneopts = "UT"
  revision = "b4c50a2b199d93b13dc15e78929cfb23bfdf21ab"
  version = "v1.1.1"

[[projects]]
  branch = "master"
  digest = "1:414212b34ff9b7a3fe3dae3666779acdc1650790402a9647a8b8158a22e3a036"
  name = "github.com/vimsucks/resmtp"
  packages = [
    "config",
    "mail",
    "model",
    "route",
  ]
  pruneopts = "UT"
  revision = "06eb31e791c9ae31c875e73a0eb74ffadfa965b6"

[[projects]]
  branch = "master"
  digest = "1:33a43cb31975899cfcd81600d1390467db1778ae87102f80668a753fed8c663e"
  name = "golang.org/x/sys"
  packages = ["unix"]
  pruneopts = "UT"
  revision = "98c5dad5d1a0e8a73845ecc8897d0bd56586511d"

[[projects]]
  digest = "1:c25289f43ac4a68d88b02245742347c94f1e108c534dda442188015ff80669b3"
  name = "google.golang.org/appengine"
  packages = ["cloudsql"]
  pruneopts = "UT"
  revision = "b1f26356af11148e710935ed1ac8a7f5702c7612"
  version = "v1.1.0"

[[projects]]
  branch = "v3"
  digest = "1:7388652e2215a3f45d341d58766ed58317971030eb1cbd75f005f96ace8e9196"
  name = "gopkg.in/alexcesaro/quotedprintable.v3"
  packages = ["."]
  pruneopts = "UT"
  revision = "2caba252f4dc53eaf6b553000885530023f54623"

[[projects]]
  digest = "1:cbc72c4c4886a918d6ab4b95e347ffe259846260f99ebdd8a198c2331cf2b2e9"
  name = "gopkg.in/go-playground/validator.v8"
  packages = ["."]
  pruneopts = "UT"
  revision = "5f1438d3fca68893a817e4a66806cea46a9e4ebf"
  version = "v8.18.2"

[[projects]]
  digest = "1:eebd52aee67d9f1e0af1859a584e14b1817581dd5f90d4585418c27b6a93c966"
  name = "gopkg.in/gomail.v2"
  packages = ["."]
  pruneopts = "UT"
  revision = "41f3572897373c5538c50a2402db15db079fa4fd"
  version = "2.0.0"

[[projects]]
  digest = "1:342378ac4dcb378a5448dd723f0784ae519383532f5e70ade24132c4c8693202"
  name = "gopkg.in/yaml.v2"
  packages = ["."]
  pruneopts = "UT"
  revision = "5420a8b6744d3b0345ab293f6fcba19c978f1183"
  version = "v2.2.1"

[solve-meta]
  analyzer-name = "dep"
  analyzer-version = 1
  input-imports = [
    "github.com/BurntSushi/toml",
    "github.com/Masterminds/squirrel",
    "github.com/gin-gonic/gin",
    "github.com/go-sql-driver/mysql",
    "github.com/jmoiron/sqlx",
    "github.com/mitchellh/hashstructure",
    "github.com/storozhukBM/verifier",
    "github.com/vimsucks/resmtp/config",
    "github.com/vimsucks/resmtp/mail",
    "github.com/vimsucks/resmtp/model",
    "github.com/vimsucks/resmtp/route",
    "gopkg.in/gomail.v2",
  ]
  solver-name = "gps-cdcl"
  solver-version = 1
